
Microsoft Visual Studio Solution File, Format Version 12.00
# Visual Studio Version 17
VisualStudioVersion = 17.10.35013.160
MinimumVisualStudioVersion = 10.0.40219.1
Project("{FAE04EC0-301F-11D3-BF4B-00C04F79EFBC}") = "CodeFirstMvcTask1", "CodeFirstMvcTask1\CodeFirstMvcTask1.csproj", "{0B8622E9-368A-481B-A34B-67D47A66A144}"
EndProject
Global
	GlobalSection(SolutionConfigurationPlatforms) = preSolution
		Debug|Any CPU = Debug|Any CPU
		Release|Any CPU = Release|Any CPU
	EndGlobalSection
	GlobalSection(ProjectConfigurationPlatforms) = postSolution
		{0B8622E9-368A-481B-A34B-67D47A66A144}.Debug|Any CPU.ActiveCfg = Debug|Any CPU
		{0B8622E9-368A-481B-A34B-67D47A66A144}.Debug|Any CPU.Build.0 = Debug|Any CPU
		{0B8622E9-368A-481B-A34B-67D47A66A144}.Release|Any CPU.ActiveCfg = Release|Any CPU
		{0B8622E9-368A-481B-A34B-67D47A66A144}.Release|Any CPU.Build.0 = Release|Any CPU
	EndGlobalSection
	GlobalSection(SolutionProperties) = preSolution
		HideSolutionNode = FALSE
	EndGlobalSection
	GlobalSection(ExtensibilityGlobals) = postSolution
		SolutionGuid = {B8F7D0DC-BB7C-4EF8-9285-293BCDCA33AA}
	EndGlobalSection
EndGlobal
