
Microsoft Visual Studio Solution File, Format Version 12.00
# Visual Studio Version 17
VisualStudioVersion = 17.10.35013.160
MinimumVisualStudioVersion = 10.0.40219.1
Project("{FAE04EC0-301F-11D3-BF4B-00C04F79EFBC}") = "WebApplication13", "WebApplication13\WebApplication13.csproj", "{63F31609-0797-480C-8884-77775FD94CBF}"
EndProject
Global
	GlobalSection(SolutionConfigurationPlatforms) = preSolution
		Debug|Any CPU = Debug|Any CPU
		Release|Any CPU = Release|Any CPU
	EndGlobalSection
	GlobalSection(ProjectConfigurationPlatforms) = postSolution
		{63F31609-0797-480C-8884-77775FD94CBF}.Debug|Any CPU.ActiveCfg = Debug|Any CPU
		{63F31609-0797-480C-8884-77775FD94CBF}.Debug|Any CPU.Build.0 = Debug|Any CPU
		{63F31609-0797-480C-8884-77775FD94CBF}.Release|Any CPU.ActiveCfg = Release|Any CPU
		{63F31609-0797-480C-8884-77775FD94CBF}.Release|Any CPU.Build.0 = Release|Any CPU
	EndGlobalSection
	GlobalSection(SolutionProperties) = preSolution
		HideSolutionNode = FALSE
	EndGlobalSection
	GlobalSection(ExtensibilityGlobals) = postSolution
		SolutionGuid = {E19D9EE3-6026-4767-A2D7-A580A7AB0ED5}
	EndGlobalSection
EndGlobal
